
Microsoft Visual Studio Solution File, Format Version 12.00
# Visual Studio Version 17
VisualStudioVersion = 17.2.32519.379
MinimumVisualStudioVersion = 10.0.40219.1
Project("{FAE04EC0-301F-11D3-BF4B-00C04F79EFBC}") = "1.5_SV", "1.5_SV\1.5_SV.csproj", "{0CE7796F-0E93-4C38-971C-0180B0558966}"
EndProject
Global
	GlobalSection(SolutionConfigurationPlatforms) = preSolution
		Debug|Any CPU = Debug|Any CPU
		Release|Any CPU = Release|Any CPU
	EndGlobalSection
	GlobalSection(ProjectConfigurationPlatforms) = postSolution
		{0CE7796F-0E93-4C38-971C-0180B0558966}.Debug|Any CPU.ActiveCfg = Debug|Any CPU
		{0CE7796F-0E93-4C38-971C-0180B0558966}.Debug|Any CPU.Build.0 = Debug|Any CPU
		{0CE7796F-0E93-4C38-971C-0180B0558966}.Release|Any CPU.ActiveCfg = Release|Any CPU
		{0CE7796F-0E93-4C38-971C-0180B0558966}.Release|Any CPU.Build.0 = Release|Any CPU
	EndGlobalSection
	GlobalSection(SolutionProperties) = preSolution
		HideSolutionNode = FALSE
	EndGlobalSection
	GlobalSection(ExtensibilityGlobals) = postSolution
		SolutionGuid = {23ABA3E4-73C6-4697-8305-8D9888171939}
	EndGlobalSection
EndGlobal
